
Microsoft Visual Studio Solution File, Format Version 12.00
Project("{FAE04EC0-301F-11D3-BF4B-00C04F79EFBC}") = "SumMatrix", "SumMatrix\SumMatrix.csproj", "{174B646A-1ADB-45A9-8E53-0863C6249AC7}"
EndProject
Global
	GlobalSection(SolutionConfigurationPlatforms) = preSolution
		Debug|Any CPU = Debug|Any CPU
		Release|Any CPU = Release|Any CPU
	EndGlobalSection
	GlobalSection(ProjectConfigurationPlatforms) = postSolution
		{174B646A-1ADB-45A9-8E53-0863C6249AC7}.Debug|Any CPU.ActiveCfg = Debug|Any CPU
		{174B646A-1ADB-45A9-8E53-0863C6249AC7}.Debug|Any CPU.Build.0 = Debug|Any CPU
		{174B646A-1ADB-45A9-8E53-0863C6249AC7}.Release|Any CPU.ActiveCfg = Release|Any CPU
		{174B646A-1ADB-45A9-8E53-0863C6249AC7}.Release|Any CPU.Build.0 = Release|Any CPU
	EndGlobalSection
EndGlobal
